
Microsoft Visual Studio Solution File, Format Version 12.00
# Visual Studio Version 17
VisualStudioVersion = 17.4.33122.133
MinimumVisualStudioVersion = 10.0.40219.1
Project("{FAE04EC0-301F-11D3-BF4B-00C04F79EFBC}") = "tws_api_csharp", "tws_api_csharp.csproj", "{F8C2D124-3D57-4D92-B78B-ADD89D63D965}"
EndProject
Global
	GlobalSection(SolutionConfigurationPlatforms) = preSolution
		Debug|Any CPU = Debug|Any CPU
		Release|Any CPU = Release|Any CPU
	EndGlobalSection
	GlobalSection(ProjectConfigurationPlatforms) = postSolution
		{F8C2D124-3D57-4D92-B78B-ADD89D63D965}.Debug|Any CPU.ActiveCfg = Debug|Any CPU
		{F8C2D124-3D57-4D92-B78B-ADD89D63D965}.Debug|Any CPU.Build.0 = Debug|Any CPU
		{F8C2D124-3D57-4D92-B78B-ADD89D63D965}.Release|Any CPU.ActiveCfg = Release|Any CPU
		{F8C2D124-3D57-4D92-B78B-ADD89D63D965}.Release|Any CPU.Build.0 = Release|Any CPU
	EndGlobalSection
	GlobalSection(SolutionProperties) = preSolution
		HideSolutionNode = FALSE
	EndGlobalSection
	GlobalSection(ExtensibilityGlobals) = postSolution
		SolutionGuid = {95B5E698-5878-4A3A-9098-130C4926A85B}
	EndGlobalSection
EndGlobal
